// !$*UTF8*$!
{
	archiveVersion = 1;
	classes = {
	};
	objectVersion = 55;
	objects = {

/* Begin PBXBuildFile section */
		429ED5A527D4178B00B99092 /* AppDelegate.swift in Sources */ = {isa = PBXBuildFile; fileRef = 429ED5A427D4178B00B99092 /* AppDelegate.swift */; };
		429ED5A727D4178B00B99092 /* SceneDelegate.swift in Sources */ = {isa = PBXBuildFile; fileRef = 429ED5A627D4178B00B99092 /* SceneDelegate.swift */; };
		429ED5A927D4178B00B99092 /* ViewController.swift in Sources */ = {isa = PBXBuildFile; fileRef = 429ED5A827D4178B00B99092 /* ViewController.swift */; };
		429ED5AC27D4178B00B99092 /* Main.storyboard in Resources */ = {isa = PBXBuildFile; fileRef = 429ED5AA27D4178B00B99092 /* Main.storyboard */; };
		429ED5AF27D4178B00B99092 /* TodoApp.xcdatamodeld in Sources */ = {isa = PBXBuildFile; fileRef = 429ED5AD27D4178B00B99092 /* TodoApp.xcdatamodeld */; };
		429ED5B127D4178D00B99092 /* Assets.xcassets in Resources */ = {isa = PBXBuildFile; fileRef = 429ED5B027D4178D00B99092 /* Assets.xcassets */; };
		429ED5B427D4178D00B99092 /* LaunchScreen.storyboard in Resources */ = {isa = PBXBuildFile; fileRef = 429ED5B227D4178D00B99092 /* LaunchScreen.storyboard */; };
		429ED5BD27D41D1D00B99092 /* NoteTableViewCell.swift in Sources */ = {isa = PBXBuildFile; fileRef = 429ED5BC27D41D1D00B99092 /* NoteTableViewCell.swift */; };
		429ED5C427D4DBC500B99092 /* NoteDetailsViewController.swift in Sources */ = {isa = PBXBuildFile; fileRef = 429ED5C327D4DBC500B99092 /* NoteDetailsViewController.swift */; };
		429ED5C727D4DFC300B99092 /* NoteViewModel.swift in Sources */ = {isa = PBXBuildFile; fileRef = 429ED5C627D4DFC300B99092 /* NoteViewModel.swift */; };
		429ED5CA27D4E05900B99092 /* CoreDataHelper.swift in Sources */ = {isa = PBXBuildFile; fileRef = 429ED5C927D4E05900B99092 /* CoreDataHelper.swift */; };
		429ED5CE27D508FF00B99092 /* StringExtension.swift in Sources */ = {isa = PBXBuildFile; fileRef = 429ED5CD27D508FF00B99092 /* StringExtension.swift */; };
/* End PBXBuildFile section */

/* Begin PBXFileReference section */
		429ED5A127D4178B00B99092 /* TodoApp.app */ = {isa = PBXFileReference; explicitFileType = wrapper.application; includeInIndex = 0; path = TodoApp.app; sourceTree = BUILT_PRODUCTS_DIR; };
		429ED5A427D4178B00B99092 /* AppDelegate.swift */ = {isa = PBXFileReference; lastKnownFileType = sourcecode.swift; path = AppDelegate.swift; sourceTree = "<group>"; };
		429ED5A627D4178B00B99092 /* SceneDelegate.swift */ = {isa = PBXFileReference; lastKnownFileType = sourcecode.swift; path = SceneDelegate.swift; sourceTree = "<group>"; };
		429ED5A827D4178B00B99092 /* ViewController.swift */ = {isa = PBXFileReference; lastKnownFileType = sourcecode.swift; path = ViewController.swift; sourceTree = "<group>"; };
		429ED5AB27D4178B00B99092 /* Base */ = {isa = PBXFileReference; lastKnownFileType = file.storyboard; name = Base; path = Base.lproj/Main.storyboard; sourceTree = "<group>"; };
		429ED5AE27D4178B00B99092 /* TodoApp.xcdatamodel */ = {isa = PBXFileReference; lastKnownFileType = wrapper.xcdatamodel; path = TodoApp.xcdatamodel; sourceTree = "<group>"; };
		429ED5B027D4178D00B99092 /* Assets.xcassets */ = {isa = PBXFileReference; lastKnownFileType = folder.assetcatalog; path = Assets.xcassets; sourceTree = "<group>"; };
		429ED5B327D4178D00B99092 /* Base */ = {isa = PBXFileReference; lastKnownFileType = file.storyboard; name = Base; path = Base.lproj/LaunchScreen.storyboard; sourceTree = "<group>"; };
		429ED5B527D4178D00B99092 /* Info.plist */ = {isa = PBXFileReference; lastKnownFileType = text.plist.xml; path = Info.plist; sourceTree = "<group>"; };
		429ED5BC27D41D1D00B99092 /* NoteTableViewCell.swift */ = {isa = PBXFileReference; lastKnownFileType = sourcecode.swift; path = NoteTableViewCell.swift; sourceTree = "<group>"; };
		429ED5C327D4DBC500B99092 /* NoteDetailsViewController.swift */ = {isa = PBXFileReference; lastKnownFileType = sourcecode.swift; path = NoteDetailsViewController.swift; sourceTree = "<group>"; };
		429ED5C627D4DFC300B99092 /* NoteViewModel.swift */ = {isa = PBXFileReference; lastKnownFileType = sourcecode.swift; path = NoteViewModel.swift; sourceTree = "<group>"; };
		429ED5C927D4E05900B99092 /* CoreDataHelper.swift */ = {isa = PBXFileReference; lastKnownFileType = sourcecode.swift; path = CoreDataHelper.swift; sourceTree = "<group>"; };
		429ED5CD27D508FF00B99092 /* StringExtension.swift */ = {isa = PBXFileReference; lastKnownFileType = sourcecode.swift; path = StringExtension.swift; sourceTree = "<group>"; };
/* End PBXFileReference section */

/* Begin PBXFrameworksBuildPhase section */
		429ED59E27D4178B00B99092 /* Frameworks */ = {
			isa = PBXFrameworksBuildPhase;
			buildActionMask = 2147483647;
			files = (
			);
			runOnlyForDeploymentPostprocessing = 0;
		};
/* End PBXFrameworksBuildPhase section */

/* Begin PBXGroup section */
		429ED59827D4178B00B99092 = {
			isa = PBXGroup;
			children = (
				429ED5CC27D4F58500B99092 /* Model */,
				429ED5CB27D4E25400B99092 /* ViewController */,
				429ED5C827D4E02300B99092 /* Helper */,
				429ED5C527D4DF9F00B99092 /* ViewModel */,
				429ED5BB27D41CF000B99092 /* View */,
				429ED5A327D4178B00B99092 /* TodoApp */,
				429ED5A227D4178B00B99092 /* Products */,
			);
			sourceTree = "<group>";
		};
		429ED5A227D4178B00B99092 /* Products */ = {
			isa = PBXGroup;
			children = (
				429ED5A127D4178B00B99092 /* TodoApp.app */,
			);
			name = Products;
			sourceTree = "<group>";
		};
		429ED5A327D4178B00B99092 /* TodoApp */ = {
			isa = PBXGroup;
			children = (
				429ED5A427D4178B00B99092 /* AppDelegate.swift */,
				429ED5A627D4178B00B99092 /* SceneDelegate.swift */,
				429ED5B027D4178D00B99092 /* Assets.xcassets */,
				429ED5B227D4178D00B99092 /* LaunchScreen.storyboard */,
				429ED5B527D4178D00B99092 /* Info.plist */,
			);
			path = TodoApp;
			sourceTree = "<group>";
		};
		429ED5BB27D41CF000B99092 /* View */ = {
			isa = PBXGroup;
			children = (
				429ED5AA27D4178B00B99092 /* Main.storyboard */,
				429ED5BC27D41D1D00B99092 /* NoteTableViewCell.swift */,
			);
			path = View;
			sourceTree = "<group>";
		};
		429ED5C527D4DF9F00B99092 /* ViewModel */ = {
			isa = PBXGroup;
			children = (
				429ED5C627D4DFC300B99092 /* NoteViewModel.swift */,
			);
			path = ViewModel;
			sourceTree = "<group>";
		};
		429ED5C827D4E02300B99092 /* Helper */ = {
			isa = PBXGroup;
			children = (
				429ED5C927D4E05900B99092 /* CoreDataHelper.swift */,
				429ED5CD27D508FF00B99092 /* StringExtension.swift */,
			);
			path = Helper;
			sourceTree = "<group>";
		};
		429ED5CB27D4E25400B99092 /* ViewController */ = {
			isa = PBXGroup;
			children = (
				429ED5C327D4DBC500B99092 /* NoteDetailsViewController.swift */,
				429ED5A827D4178B00B99092 /* ViewController.swift */,
			);
			path = ViewController;
			sourceTree = "<group>";
		};
		429ED5CC27D4F58500B99092 /* Model */ = {
			isa = PBXGroup;
			children = (
				429ED5AD27D4178B00B99092 /* TodoApp.xcdatamodeld */,
			);
			path = Model;
			sourceTree = "<group>";
		};
/* End PBXGroup section */

/* Begin PBXNativeTarget section */
		429ED5A027D4178B00B99092 /* TodoApp */ = {
			isa = PBXNativeTarget;
			buildConfigurationList = 429ED5B827D4178D00B99092 /* Build configuration list for PBXNativeTarget "TodoApp" */;
			buildPhases = (
				429ED59D27D4178B00B99092 /* Sources */,
				429ED59E27D4178B00B99092 /* Frameworks */,
				429ED59F27D4178B00B99092 /* Resources */,
			);
			buildRules = (
			);
			dependencies = (
			);
			name = TodoApp;
			productName = TodoApp;
			productReference = 429ED5A127D4178B00B99092 /* TodoApp.app */;
			productType = "com.apple.product-type.application";
		};
/* End PBXNativeTarget section */

/* Begin PBXProject section */
		429ED59927D4178B00B99092 /* Project object */ = {
			isa = PBXProject;
			attributes = {
				BuildIndependentTargetsInParallel = 1;
				LastSwiftUpdateCheck = 1300;
				LastUpgradeCheck = 1300;
				TargetAttributes = {
					429ED5A027D4178B00B99092 = {
						CreatedOnToolsVersion = 13.0;
					};
				};
			};
			buildConfigurationList = 429ED59C27D4178B00B99092 /* Build configuration list for PBXProject "TodoApp" */;
			compatibilityVersion = "Xcode 13.0";
			developmentRegion = en;
			hasScannedForEncodings = 0;
			knownRegions = (
				en,
				Base,
			);
			mainGroup = 429ED59827D4178B00B99092;
			productRefGroup = 429ED5A227D4178B00B99092 /* Products */;
			projectDirPath = "";
			projectRoot = "";
			targets = (
				429ED5A027D4178B00B99092 /* TodoApp */,
			);
		};
/* End PBXProject section */

/* Begin PBXResourcesBuildPhase section */
		429ED59F27D4178B00B99092 /* Resources */ = {
			isa = PBXResourcesBuildPhase;
			buildActionMask = 2147483647;
			files = (
				429ED5B427D4178D00B99092 /* LaunchScreen.storyboard in Resources */,
				429ED5B127D4178D00B99092 /* Assets.xcassets in Resources */,
				429ED5AC27D4178B00B99092 /* Main.storyboard in Resources */,
			);
			runOnlyForDeploymentPostprocessing = 0;
		};
/* End PBXResourcesBuildPhase section */

/* Begin PBXSourcesBuildPhase section */
		429ED59D27D4178B00B99092 /* Sources */ = {
			isa = PBXSourcesBuildPhase;
			buildActionMask = 2147483647;
			files = (
				429ED5C727D4DFC300B99092 /* NoteViewModel.swift in Sources */,
				429ED5A927D4178B00B99092 /* ViewController.swift in Sources */,
				429ED5CA27D4E05900B99092 /* CoreDataHelper.swift in Sources */,
				429ED5A527D4178B00B99092 /* AppDelegate.swift in Sources */,
				429ED5BD27D41D1D00B99092 /* NoteTableViewCell.swift in Sources */,
				429ED5CE27D508FF00B99092 /* StringExtension.swift in Sources */,
				429ED5A727D4178B00B99092 /* SceneDelegate.swift in Sources */,
				429ED5AF27D4178B00B99092 /* TodoApp.xcdatamodeld in Sources */,
				429ED5C427D4DBC500B99092 /* NoteDetailsViewController.swift in Sources */,
			);
			runOnlyForDeploymentPostprocessing = 0;
		};
/* End PBXSourcesBuildPhase section */

/* Begin PBXVariantGroup section */
		429ED5AA27D4178B00B99092 /* Main.storyboard */ = {
			isa = PBXVariantGroup;
			children = (
				429ED5AB27D4178B00B99092 /* Base */,
			);
			name = Main.storyboard;
			sourceTree = "<group>";
		};
		429ED5B227D4178D00B99092 /* LaunchScreen.storyboard */ = {
			isa = PBXVariantGroup;
			children = (
				429ED5B327D4178D00B99092 /* Base */,
			);
			name = LaunchScreen.storyboard;
			sourceTree = "<group>";
		};
/* End PBXVariantGroup section */

/* Begin XCBuildConfiguration section */
		429ED5B627D4178D00B99092 /* Debug */ = {
			isa = XCBuildConfiguration;
			buildSettings = {
				ALWAYS_SEARCH_USER_PATHS = NO;
				CLANG_ANALYZER_NONNULL = YES;
				CLANG_ANALYZER_NUMBER_OBJECT_CONVERSION = YES_AGGRESSIVE;
				CLANG_CXX_LANGUAGE_STANDARD = "gnu++17";
				CLANG_CXX_LIBRARY = "libc++";
				CLANG_ENABLE_MODULES = YES;
				CLANG_ENABLE_OBJC_ARC = YES;
				CLANG_ENABLE_OBJC_WEAK = YES;
				CLANG_WARN_BLOCK_CAPTURE_AUTORELEASING = YES;
				CLANG_WARN_BOOL_CONVERSION = YES;
				CLANG_WARN_COMMA = YES;
				CLANG_WARN_CONSTANT_CONVERSION = YES;
				CLANG_WARN_DEPRECATED_OBJC_IMPLEMENTATIONS = YES;
				CLANG_WARN_DIRECT_OBJC_ISA_USAGE = YES_ERROR;
				CLANG_WARN_DOCUMENTATION_COMMENTS = YES;
				CLANG_WARN_EMPTY_BODY = YES;
				CLANG_WARN_ENUM_CONVERSION = YES;
				CLANG_WARN_INFINITE_RECURSION = YES;
				CLANG_WARN_INT_CONVERSION = YES;
				CLANG_WARN_NON_LITERAL_NULL_CONVERSION = YES;
				CLANG_WARN_OBJC_IMPLICIT_RETAIN_SELF = YES;
				CLANG_WARN_OBJC_LITERAL_CONVERSION = YES;
				CLANG_WARN_OBJC_ROOT_CLASS = YES_ERROR;
				CLANG_WARN_QUOTED_INCLUDE_IN_FRAMEWORK_HEADER = YES;
				CLANG_WARN_RANGE_LOOP_ANALYSIS = YES;
				CLANG_WARN_STRICT_PROTOTYPES = YES;
				CLANG_WARN_SUSPICIOUS_MOVE = YES;
				CLANG_WARN_UNGUARDED_AVAILABILITY = YES_AGGRESSIVE;
				CLANG_WARN_UNREACHABLE_CODE = YES;
				CLANG_WARN__DUPLICATE_METHOD_MATCH = YES;
				COPY_PHASE_STRIP = NO;
				DEBUG_INFORMATION_FORMAT = dwarf;
				ENABLE_STRICT_OBJC_MSGSEND = YES;
				ENABLE_TESTABILITY = YES;
				GCC_C_LANGUAGE_STANDARD = gnu11;
				GCC_DYNAMIC_NO_PIC = NO;
				GCC_NO_COMMON_BLOCKS = YES;
				GCC_OPTIMIZATION_LEVEL = 0;
				GCC_PREPROCESSOR_DEFINITIONS = (
					"DEBUG=1",
					"$(inherited)",
				);
				GCC_WARN_64_TO_32_BIT_CONVERSION = YES;
				GCC_WARN_ABOUT_RETURN_TYPE = YES_ERROR;
				GCC_WARN_UNDECLARED_SELECTOR = YES;
				GCC_WARN_UNINITIALIZED_AUTOS = YES_AGGRESSIVE;
				GCC_WARN_UNUSED_FUNCTION = YES;
				GCC_WARN_UNUSED_VARIABLE = YES;
				IPHONEOS_DEPLOYMENT_TARGET = 15.0;
				MTL_ENABLE_DEBUG_INFO = INCLUDE_SOURCE;
				MTL_FAST_MATH = YES;
				ONLY_ACTIVE_ARCH = YES;
				SDKROOT = iphoneos;
				SWIFT_ACTIVE_COMPILATION_CONDITIONS = DEBUG;
				SWIFT_OPTIMIZATION_LEVEL = "-Onone";
			};
			name = Debug;
		};
		429ED5B727D4178D00B99092 /* Release */ = {
			isa = XCBuildConfiguration;
			buildSettings = {
				ALWAYS_SEARCH_USER_PATHS = NO;
				CLANG_ANALYZER_NONNULL = YES;
				CLANG_ANALYZER_NUMBER_OBJECT_CONVERSION = YES_AGGRESSIVE;
				CLANG_CXX_LANGUAGE_STANDARD = "gnu++17";
				CLANG_CXX_LIBRARY = "libc++";
				CLANG_ENABLE_MODULES = YES;
				CLANG_ENABLE_OBJC_ARC = YES;
				CLANG_ENABLE_OBJC_WEAK = YES;
				CLANG_WARN_BLOCK_CAPTURE_AUTORELEASING = YES;
				CLANG_WARN_BOOL_CONVERSION = YES;
				CLANG_WARN_COMMA = YES;
				CLANG_WARN_CONSTANT_CONVERSION = YES;
				CLANG_WARN_DEPRECATED_OBJC_IMPLEMENTATIONS = YES;
				CLANG_WARN_DIRECT_OBJC_ISA_USAGE = YES_ERROR;
				CLANG_WARN_DOCUMENTATION_COMMENTS = YES;
				CLANG_WARN_EMPTY_BODY = YES;
				CLANG_WARN_ENUM_CONVERSION = YES;
				CLANG_WARN_INFINITE_RECURSION = YES;
				CLANG_WARN_INT_CONVERSION = YES;
				CLANG_WARN_NON_LITERAL_NULL_CONVERSION = YES;
				CLANG_WARN_OBJC_IMPLICIT_RETAIN_SELF = YES;
				CLANG_WARN_OBJC_LITERAL_CONVERSION = YES;
				CLANG_WARN_OBJC_ROOT_CLASS = YES_ERROR;
				CLANG_WARN_QUOTED_INCLUDE_IN_FRAMEWORK_HEADER = YES;
				CLANG_WARN_RANGE_LOOP_ANALYSIS = YES;
				CLANG_WARN_STRICT_PROTOTYPES = YES;
				CLANG_WARN_SUSPICIOUS_MOVE = YES;
				CLANG_WARN_UNGUARDED_AVAILABILITY = YES_AGGRESSIVE;
				CLANG_WARN_UNREACHABLE_CODE = YES;
				CLANG_WARN__DUPLICATE_METHOD_MATCH = YES;
				COPY_PHASE_STRIP = NO;
				DEBUG_INFORMATION_FORMAT = "dwarf-with-dsym";
				ENABLE_NS_ASSERTIONS = NO;
				ENABLE_STRICT_OBJC_MSGSEND = YES;
				GCC_C_LANGUAGE_STANDARD = gnu11;
				GCC_NO_COMMON_BLOCKS = YES;
				GCC_WARN_64_TO_32_BIT_CONVERSION = YES;
				GCC_WARN_ABOUT_RETURN_TYPE = YES_ERROR;
				GCC_WARN_UNDECLARED_SELECTOR = YES;
				GCC_WARN_UNINITIALIZED_AUTOS = YES_AGGRESSIVE;
				GCC_WARN_UNUSED_FUNCTION = YES;
				GCC_WARN_UNUSED_VARIABLE = YES;
				IPHONEOS_DEPLOYMENT_TARGET = 15.0;
				MTL_ENABLE_DEBUG_INFO = NO;
				MTL_FAST_MATH = YES;
				SDKROOT = iphoneos;
				SWIFT_COMPILATION_MODE = wholemodule;
				SWIFT_OPTIMIZATION_LEVEL = "-O";
				VALIDATE_PRODUCT = YES;
			};
			name = Release;
		};
		429ED5B927D4178D00B99092 /* Debug */ = {
			isa = XCBuildConfiguration;
			buildSettings = {
				ASSETCATALOG_COMPILER_APPICON_NAME = AppIcon;
				ASSETCATALOG_COMPILER_GLOBAL_ACCENT_COLOR_NAME = AccentColor;
				CODE_SIGN_STYLE = Automatic;
				CURRENT_PROJECT_VERSION = 1;
				DEVELOPMENT_TEAM = U7UWRZBUB2;
				GENERATE_INFOPLIST_FILE = YES;
				INFOPLIST_FILE = TodoApp/Info.plist;
				INFOPLIST_KEY_UIApplicationSupportsIndirectInputEvents = YES;
				INFOPLIST_KEY_UILaunchStoryboardName = LaunchScreen;
				INFOPLIST_KEY_UIMainStoryboardFile = Main;
				INFOPLIST_KEY_UISupportedInterfaceOrientations_iPad = "UIInterfaceOrientationPortrait UIInterfaceOrientationPortraitUpsideDown UIInterfaceOrientationLandscapeLeft UIInterfaceOrientationLandscapeRight";
				INFOPLIST_KEY_UISupportedInterfaceOrientations_iPhone = "UIInterfaceOrientationPortrait UIInterfaceOrientationLandscapeLeft UIInterfaceOrientationLandscapeRight";
				LD_RUNPATH_SEARCH_PATHS = (
					"$(inherited)",
					"@executable_path/Frameworks",
				);
				MARKETING_VERSION = 1.0;
				PRODUCT_BUNDLE_IDENTIFIER = Me.TodoApp;
				PRODUCT_NAME = "$(TARGET_NAME)";
				SWIFT_EMIT_LOC_STRINGS = YES;
				SWIFT_VERSION = 5.0;
				TARGETED_DEVICE_FAMILY = "1,2";
			};
			name = Debug;
		};
		429ED5BA27D4178D00B99092 /* Release */ = {
			isa = XCBuildConfiguration;
			buildSettings = {
				ASSETCATALOG_COMPILER_APPICON_NAME = AppIcon;
				ASSETCATALOG_COMPILER_GLOBAL_ACCENT_COLOR_NAME = AccentColor;
				CODE_SIGN_STYLE = Automatic;
				CURRENT_PROJECT_VERSION = 1;
				DEVELOPMENT_TEAM = U7UWRZBUB2;
				GENERATE_INFOPLIST_FILE = YES;
				INFOPLIST_FILE = TodoApp/Info.plist;
				INFOPLIST_KEY_UIApplicationSupportsIndirectInputEvents = YES;
				INFOPLIST_KEY_UILaunchStoryboardName = LaunchScreen;
				INFOPLIST_KEY_UIMainStoryboardFile = Main;
				INFOPLIST_KEY_UISupportedInterfaceOrientations_iPad = "UIInterfaceOrientationPortrait UIInterfaceOrientationPortraitUpsideDown UIInterfaceOrientationLandscapeLeft UIInterfaceOrientationLandscapeRight";
				INFOPLIST_KEY_UISupportedInterfaceOrientations_iPhone = "UIInterfaceOrientationPortrait UIInterfaceOrientationLandscapeLeft UIInterfaceOrientationLandscapeRight";
				LD_RUNPATH_SEARCH_PATHS = (
					"$(inherited)",
					"@executable_path/Frameworks",
				);
				MARKETING_VERSION = 1.0;
				PRODUCT_BUNDLE_IDENTIFIER = Me.TodoApp;
				PRODUCT_NAME = "$(TARGET_NAME)";
				SWIFT_EMIT_LOC_STRINGS = YES;
				SWIFT_VERSION = 5.0;
				TARGETED_DEVICE_FAMILY = "1,2";
			};
			name = Release;
		};
/* End XCBuildConfiguration section */

/* Begin XCConfigurationList section */
		429ED59C27D4178B00B99092 /* Build configuration list for PBXProject "TodoApp" */ = {
			isa = XCConfigurationList;
			buildConfigurations = (
				429ED5B627D4178D00B99092 /* Debug */,
				429ED5B727D4178D00B99092 /* Release */,
			);
			defaultConfigurationIsVisible = 0;
			defaultConfigurationName = Release;
		};
		429ED5B827D4178D00B99092 /* Build configuration list for PBXNativeTarget "TodoApp" */ = {
			isa = XCConfigurationList;
			buildConfigurations = (
				429ED5B927D4178D00B99092 /* Debug */,
				429ED5BA27D4178D00B99092 /* Release */,
			);
			defaultConfigurationIsVisible = 0;
			defaultConfigurationName = Release;
		};
/* End XCConfigurationList section */

/* Begin XCVersionGroup section */
		429ED5AD27D4178B00B99092 /* TodoApp.xcdatamodeld */ = {
			isa = XCVersionGroup;
			children = (
				429ED5AE27D4178B00B99092 /* TodoApp.xcdatamodel */,
			);
			currentVersion = 429ED5AE27D4178B00B99092 /* TodoApp.xcdatamodel */;
			path = TodoApp.xcdatamodeld;
			sourceTree = "<group>";
			versionGroupType = wrapper.xcdatamodel;
		};
/* End XCVersionGroup section */
	};
	rootObject = 429ED59927D4178B00B99092 /* Project object */;
}
